<?xml version="1.0" encoding="utf-8"?>
<Project ToolsVersion="4.0" xmlns="http://schemas.microsoft.com/developer/msbuild/2003">
  <ItemGroup>
    <ClCompile Include="template\opencl.cpp">
      <Filter>template</Filter>
    </ClCompile>
    <ClCompile Include="template\opengl.cpp">
      <Filter>template</Filter>
    </ClCompile>
    <ClCompile Include="template\sprite.cpp">
      <Filter>template</Filter>
    </ClCompile>
    <ClCompile Include="template\surface.cpp">
      <Filter>template</Filter>
    </ClCompile>
    <ClCompile Include="template\template.cpp">
      <Filter>template</Filter>
    </ClCompile>
    <ClCompile Include="template\tmpl8math.cpp">
      <Filter>template</Filter>
    </ClCompile>
    <ClCompile Include="template\scene.cpp">
      <Filter>template</Filter>
    </ClCompile>
    <ClCompile Include="template\bvh.cpp">
      <Filter>template</Filter>
    </ClCompile>
    <ClCompile Include="AudioManager.cpp">
      <Filter>Code\Managers\Audio</Filter>
    </ClCompile>
    <ClCompile Include="GameObjectManager.cpp">
      <Filter>Code\Managers\GameObjectManager</Filter>
    </ClCompile>
    <ClCompile Include="Button.cpp">
      <Filter>Code\GameObjects\UI\Button</Filter>
    </ClCompile>
    <ClCompile Include="Box.cpp">
      <Filter>Code\GameObjects\Box</Filter>
    </ClCompile>
    <ClCompile Include="PlayerSoul.cpp">
      <Filter>Code\GameObjects\Player\Soul</Filter>
    </ClCompile>
    <ClCompile Include="ActionMenu.cpp">
      <Filter>Code\GameObjects\UI\ActionMenu</Filter>
    </ClCompile>
    <ClCompile Include="Character.cpp">
      <Filter>Code\GameObjects\Player\Characters</Filter>
    </ClCompile>
    <ClCompile Include="game.cpp" />
    <ClCompile Include="Enemy.cpp">
      <Filter>Code\GameObjects\Enemy</Filter>
    </ClCompile>
    <ClCompile Include="DummyEnemy.cpp">
      <Filter>Code\GameObjects\Enemy\Dummy</Filter>
    </ClCompile>
    <ClCompile Include="DeathScene.cpp">
      <Filter>Code\Scenes\Death</Filter>
    </ClCompile>
    <ClCompile Include="GameLoopScene.cpp">
      <Filter>Code\Scenes\Game</Filter>
    </ClCompile>
    <ClCompile Include="MainMenuScene.cpp">
      <Filter>Code\Scenes\MainMenu</Filter>
    </ClCompile>
    <ClCompile Include="DummyAttackOne.cpp">
      <Filter>Code\GameObjects\Enemy\Dummy\Attacks\Attack 1</Filter>
    </ClCompile>
    <ClCompile Include="CircleAttack.cpp">
      <Filter>Code\GameObjects\Enemy\Dummy\Attacks\Attack 2</Filter>
    </ClCompile>
    <ClCompile Include="SphereProjectile.cpp">
      <Filter>Code\GameObjects\Enemy\Dummy\Projectiles\Sphere</Filter>
    </ClCompile>
    <ClCompile Include="Circle.cpp">
      <Filter>Code\GameObjects\Enemy\Dummy\Projectiles\Circle</Filter>
    </ClCompile>
    <ClCompile Include="RandomBlasterSpam.cpp">
      <Filter>Code\GameObjects\Enemy\Dummy\Attacks\Attack 3</Filter>
    </ClCompile>
    <ClCompile Include="Blaster.cpp">
      <Filter>Code\GameObjects\Enemy\Dummy\Projectiles\Blaster</Filter>
    </ClCompile>
    <ClCompile Include="Blast.cpp">
      <Filter>Code\GameObjects\Enemy\Dummy\Projectiles\Blaster\Blast</Filter>
    </ClCompile>
    <ClCompile Include="DiamondProjectile.cpp">
      <Filter>Code\GameObjects\Enemy\Dummy\Projectiles\DiamondProjectile</Filter>
    </ClCompile>
    <ClCompile Include="DiamondRain.cpp">
      <Filter>Code\GameObjects\Enemy\Dummy\Attacks\Attack 4</Filter>
    </ClCompile>
    <ClCompile Include="FSMSceneController.cpp">
      <Filter>Code\Managers\SceneManager</Filter>
    </ClCompile>
    <ClCompile Include="WinScene.cpp">
      <Filter>Code\Scenes\Win</Filter>
    </ClCompile>
  </ItemGroup>
  <ItemGroup>
    <ClInclude Include="template\common.h">
      <Filter>template</Filter>
    </ClInclude>
    <ClInclude Include="template\opencl.h">
      <Filter>template</Filter>
    </ClInclude>
    <ClInclude Include="template\opengl.h">
      <Filter>template</Filter>
    </ClInclude>
    <ClInclude Include="template\precomp.h">
      <Filter>template</Filter>
    </ClInclude>
    <ClInclude Include="template\sprite.h">
      <Filter>template</Filter>
    </ClInclude>
    <ClInclude Include="template\surface.h">
      <Filter>template</Filter>
    </ClInclude>
    <ClInclude Include="template\tmpl8math.h">
      <Filter>template</Filter>
    </ClInclude>
    <ClInclude Include="cl\tools.cl">
      <Filter>kernels</Filter>
    </ClInclude>
    <ClInclude Include="template\scene.h">
      <Filter>template</Filter>
    </ClInclude>
    <ClInclude Include="template\bvh.h">
      <Filter>template</Filter>
    </ClInclude>
    <ClInclude Include="AudioManager.h">
      <Filter>Code\Managers\Audio</Filter>
    </ClInclude>
    <ClInclude Include="SceneBaseState.h">
      <Filter>Code\Managers\SceneManager</Filter>
    </ClInclude>
    <ClInclude Include="FSMSceneController.h">
      <Filter>Code\Managers\SceneManager</Filter>
    </ClInclude>
    <ClInclude Include="GameObject.h">
      <Filter>Code\Util</Filter>
    </ClInclude>
    <ClInclude Include="GameObjectManager.h">
      <Filter>Code\Managers\GameObjectManager</Filter>
    </ClInclude>
    <ClInclude Include="Collider.h">
      <Filter>Code\Util</Filter>
    </ClInclude>
    <ClInclude Include="Button.h">
      <Filter>Code\GameObjects\UI\Button</Filter>
    </ClInclude>
    <ClInclude Include="Box.h">
      <Filter>Code\GameObjects\Box</Filter>
    </ClInclude>
    <ClInclude Include="PlayerSoul.h">
      <Filter>Code\GameObjects\Player\Soul</Filter>
    </ClInclude>
    <ClInclude Include="ActionMenu.h">
      <Filter>Code\GameObjects\UI\ActionMenu</Filter>
    </ClInclude>
    <ClInclude Include="Character.h">
      <Filter>Code\GameObjects\Player\Characters</Filter>
    </ClInclude>
    <ClInclude Include="game.h" />
    <ClInclude Include="DummyEnemy.h">
      <Filter>Code\GameObjects\Enemy\Dummy</Filter>
    </ClInclude>
    <ClInclude Include="DeathScene.h">
      <Filter>Code\Scenes\Death</Filter>
    </ClInclude>
    <ClInclude Include="GameLoopScene.h">
      <Filter>Code\Scenes\Game</Filter>
    </ClInclude>
    <ClInclude Include="MainMenuScene.h">
      <Filter>Code\Scenes\MainMenu</Filter>
    </ClInclude>
    <ClInclude Include="BaseAttack.h">
      <Filter>Code\GameObjects\Enemy\BaseAttack</Filter>
    </ClInclude>
    <ClInclude Include="DummyAttackOne.h">
      <Filter>Code\GameObjects\Enemy\Dummy\Attacks\Attack 1</Filter>
    </ClInclude>
    <ClInclude Include="CircleAttack.h">
      <Filter>Code\GameObjects\Enemy\Dummy\Attacks\Attack 2</Filter>
    </ClInclude>
    <ClInclude Include="SphereProjectile.h">
      <Filter>Code\GameObjects\Enemy\Dummy\Projectiles\Sphere</Filter>
    </ClInclude>
    <ClInclude Include="resource.h" />
    <ClInclude Include="Circle.h">
      <Filter>Code\GameObjects\Enemy\Dummy\Projectiles\Circle</Filter>
    </ClInclude>
    <ClInclude Include="RandomBlasterSpam.h">
      <Filter>Code\GameObjects\Enemy\Dummy\Attacks\Attack 3</Filter>
    </ClInclude>
    <ClInclude Include="Blaster.h">
      <Filter>Code\GameObjects\Enemy\Dummy\Projectiles\Blaster</Filter>
    </ClInclude>
    <ClInclude Include="Blast.h">
      <Filter>Code\GameObjects\Enemy\Dummy\Projectiles\Blaster\Blast</Filter>
    </ClInclude>
    <ClInclude Include="DiamondProjectile.h">
      <Filter>Code\GameObjects\Enemy\Dummy\Projectiles\DiamondProjectile</Filter>
    </ClInclude>
    <ClInclude Include="Projectile.h">
      <Filter>Code\GameObjects\Enemy\Dummy\Projectiles</Filter>
    </ClInclude>
    <ClInclude Include="DiamondRain.h">
      <Filter>Code\GameObjects\Enemy\Dummy\Attacks\Attack 4</Filter>
    </ClInclude>
    <ClInclude Include="Turn.h">
      <Filter>Code\Util</Filter>
    </ClInclude>
    <ClInclude Include="WinScene.h">
      <Filter>Code\Scenes\Win</Filter>
    </ClInclude>
    <ClInclude Include="Enemy.h">
      <Filter>Code\GameObjects\Enemy</Filter>
    </ClInclude>
  </ItemGroup>
  <ItemGroup>
    <None Include="README.md">
      <Filter>template</Filter>
    </None>
    <None Include="cl\kernels.cl">
      <Filter>kernels</Filter>
    </None>
    <None Include="template\LICENSE">
      <Filter>template</Filter>
    </None>
  </ItemGroup>
  <ItemGroup>
    <Filter Include="template">
      <UniqueIdentifier>{c65d8edd-a382-4ee7-9af9-5d04810e2884}</UniqueIdentifier>
    </Filter>
    <Filter Include="kernels">
      <UniqueIdentifier>{96ad1716-f468-46c6-8f16-5accbc19d76c}</UniqueIdentifier>
    </Filter>
    <Filter Include="Code">
      <UniqueIdentifier>{41730315-d3d9-49c1-91ef-9a46c5871a0e}</UniqueIdentifier>
    </Filter>
    <Filter Include="Code\Managers">
      <UniqueIdentifier>{a13e94e8-d7d0-466d-a7f7-2396b3609ec1}</UniqueIdentifier>
    </Filter>
    <Filter Include="Code\Managers\SceneManager">
      <UniqueIdentifier>{b39a87b5-0660-44f5-871c-2238a5acc866}</UniqueIdentifier>
    </Filter>
    <Filter Include="Code\Managers\Audio">
      <UniqueIdentifier>{a51333ad-bc3f-4f7d-ac26-64944a12b0cc}</UniqueIdentifier>
    </Filter>
    <Filter Include="Code\Util">
      <UniqueIdentifier>{f298fe17-90d6-461a-b6a5-8c0365d376a6}</UniqueIdentifier>
    </Filter>
    <Filter Include="Code\Managers\GameObjectManager">
      <UniqueIdentifier>{b7067b4e-eef5-44bc-a2b0-096740486f88}</UniqueIdentifier>
    </Filter>
    <Filter Include="Code\GameObjects">
      <UniqueIdentifier>{f0a78c38-31d7-44c8-823f-0f0fda2836ea}</UniqueIdentifier>
    </Filter>
    <Filter Include="Code\GameObjects\Player">
      <UniqueIdentifier>{e0ca5e42-509e-4b60-b163-184b51483e70}</UniqueIdentifier>
    </Filter>
    <Filter Include="Code\Scenes">
      <UniqueIdentifier>{ca48b019-261d-4adf-a307-78cc1b1de69d}</UniqueIdentifier>
    </Filter>
    <Filter Include="Code\GameObjects\Box">
      <UniqueIdentifier>{cd8253c5-722b-4f7a-9fed-2e7b27cc886d}</UniqueIdentifier>
    </Filter>
    <Filter Include="Code\GameObjects\UI">
      <UniqueIdentifier>{cc286e24-4069-4529-a3b0-c401d466cf13}</UniqueIdentifier>
    </Filter>
    <Filter Include="Code\GameObjects\UI\Button">
      <UniqueIdentifier>{89da98a4-8ee1-4ae3-a68e-5084d285de46}</UniqueIdentifier>
    </Filter>
    <Filter Include="Code\GameObjects\Player\Soul">
      <UniqueIdentifier>{f2f6dca9-f186-418c-89b2-8118c710b735}</UniqueIdentifier>
    </Filter>
    <Filter Include="Code\GameObjects\UI\ActionMenu">
      <UniqueIdentifier>{2fc5d91a-bfe9-4ec0-acc3-1f698b0a407c}</UniqueIdentifier>
    </Filter>
    <Filter Include="Code\GameObjects\Player\Characters">
      <UniqueIdentifier>{a2c2c216-4a1a-45ac-a6bf-2c049c5c4209}</UniqueIdentifier>
    </Filter>
    <Filter Include="Code\GameObjects\Enemy">
      <UniqueIdentifier>{25391a6c-7b7d-47bb-9915-11331da5bc9c}</UniqueIdentifier>
    </Filter>
    <Filter Include="Code\GameObjects\Enemy\Dummy">
      <UniqueIdentifier>{b3fb25f1-15e3-425e-9914-50fd184f699a}</UniqueIdentifier>
    </Filter>
    <Filter Include="Code\GameObjects\Enemy\Dummy\Attacks">
      <UniqueIdentifier>{71d5ab83-6a83-47cb-906c-3671b1337757}</UniqueIdentifier>
    </Filter>
    <Filter Include="Code\GameObjects\Enemy\Dummy\Projectiles">
      <UniqueIdentifier>{52a4abe3-ce25-43aa-9da1-aa370f57f7c9}</UniqueIdentifier>
    </Filter>
    <Filter Include="Code\Scenes\Death">
      <UniqueIdentifier>{1b896030-c2f0-4783-9ef4-3e877cb5765d}</UniqueIdentifier>
    </Filter>
    <Filter Include="Code\Scenes\MainMenu">
      <UniqueIdentifier>{aa758f62-f90a-4820-961a-67a4305c5782}</UniqueIdentifier>
    </Filter>
    <Filter Include="Code\GameObjects\Enemy\BaseAttack">
      <UniqueIdentifier>{dbdf7d33-2918-46c4-a987-79b2b4d82e3b}</UniqueIdentifier>
    </Filter>
    <Filter Include="Code\GameObjects\Enemy\Dummy\Attacks\Attack 1">
      <UniqueIdentifier>{ca5224e7-59f3-4a0a-b973-ade782a5469b}</UniqueIdentifier>
    </Filter>
    <Filter Include="Code\GameObjects\Enemy\Dummy\Attacks\Attack 2">
      <UniqueIdentifier>{4facfc57-18a2-4799-94dd-71e7343e827b}</UniqueIdentifier>
    </Filter>
    <Filter Include="Code\GameObjects\Enemy\Dummy\Projectiles\Sphere">
      <UniqueIdentifier>{e864bc10-5193-4652-82b1-1a66afd3b13a}</UniqueIdentifier>
    </Filter>
    <Filter Include="Code\GameObjects\Enemy\Dummy\Projectiles\Circle">
      <UniqueIdentifier>{95306841-eed0-4803-b426-29ddbbb8a2e4}</UniqueIdentifier>
    </Filter>
    <Filter Include="Code\GameObjects\Enemy\Dummy\Attacks\Attack 3">
      <UniqueIdentifier>{aabf5ae4-a871-4ab0-b5c3-472b9c377fad}</UniqueIdentifier>
    </Filter>
    <Filter Include="Code\GameObjects\Enemy\Dummy\Projectiles\Blaster">
      <UniqueIdentifier>{470bbe01-9361-44be-b66a-0cb3791cb716}</UniqueIdentifier>
    </Filter>
    <Filter Include="Code\GameObjects\Enemy\Dummy\Projectiles\Blaster\Blast">
      <UniqueIdentifier>{1db3c81a-9999-4f72-a0a8-c3db634b56e2}</UniqueIdentifier>
    </Filter>
    <Filter Include="Code\GameObjects\Enemy\Dummy\Attacks\Attack 4">
      <UniqueIdentifier>{5a0dcf56-d693-4a1c-8759-e9de90d84b73}</UniqueIdentifier>
    </Filter>
    <Filter Include="Code\GameObjects\Enemy\Dummy\Projectiles\DiamondProjectile">
      <UniqueIdentifier>{73632da7-895c-4aa3-a27e-aee34294cd4c}</UniqueIdentifier>
    </Filter>
    <Filter Include="Code\Scenes\Game">
      <UniqueIdentifier>{6eb793fb-3908-41c1-a174-74ec9c189085}</UniqueIdentifier>
    </Filter>
    <Filter Include="Code\Scenes\Win">
      <UniqueIdentifier>{2aa9e615-6c44-4b70-8431-1de9c6c1d62b}</UniqueIdentifier>
    </Filter>
  </ItemGroup>
  <ItemGroup>
    <ResourceCompile Include="myGame.rc" />
  </ItemGroup>
</Project>